
Microsoft Visual Studio Solution File, Format Version 12.00
# Visual Studio Version 16
VisualStudioVersion = 16.0.32002.261
MinimumVisualStudioVersion = 10.0.40219.1
Project("{FAE04EC0-301F-11D3-BF4B-00C04F79EFBC}") = "test", "test\test.csproj", "{6FF8CCD8-D803-4780-B027-C455527180E2}"
EndProject
Global
	GlobalSection(SolutionConfigurationPlatforms) = preSolution
		Debug|Any CPU = Debug|Any CPU
		Release|Any CPU = Release|Any CPU
	EndGlobalSection
	GlobalSection(ProjectConfigurationPlatforms) = postSolution
		{6FF8CCD8-D803-4780-B027-C455527180E2}.Debug|Any CPU.ActiveCfg = Debug|Any CPU
		{6FF8CCD8-D803-4780-B027-C455527180E2}.Debug|Any CPU.Build.0 = Debug|Any CPU
		{6FF8CCD8-D803-4780-B027-C455527180E2}.Release|Any CPU.ActiveCfg = Release|Any CPU
		{6FF8CCD8-D803-4780-B027-C455527180E2}.Release|Any CPU.Build.0 = Release|Any CPU
	EndGlobalSection
	GlobalSection(SolutionProperties) = preSolution
		HideSolutionNode = FALSE
	EndGlobalSection
	GlobalSection(ExtensibilityGlobals) = postSolution
		SolutionGuid = {F8D48449-2047-41F7-B662-C1D305265AD9}
	EndGlobalSection
EndGlobal
